
Microsoft Visual Studio Solution File, Format Version 12.00
# Visual Studio 15
VisualStudioVersion = 15.0.27428.2005
MinimumVisualStudioVersion = 10.0.40219.1
Project("{FAE04EC0-301F-11D3-BF4B-00C04F79EFBC}") = "Currency_Exchange", "Currency_Exchange\Currency_Exchange.csproj", "{04D6706D-FFFF-41CA-A679-F777C46C488C}"
EndProject
Global
	GlobalSection(SolutionConfigurationPlatforms) = preSolution
		Debug|Any CPU = Debug|Any CPU
		Release|Any CPU = Release|Any CPU
	EndGlobalSection
	GlobalSection(ProjectConfigurationPlatforms) = postSolution
		{04D6706D-FFFF-41CA-A679-F777C46C488C}.Debug|Any CPU.ActiveCfg = Debug|Any CPU
		{04D6706D-FFFF-41CA-A679-F777C46C488C}.Debug|Any CPU.Build.0 = Debug|Any CPU
		{04D6706D-FFFF-41CA-A679-F777C46C488C}.Release|Any CPU.ActiveCfg = Release|Any CPU
		{04D6706D-FFFF-41CA-A679-F777C46C488C}.Release|Any CPU.Build.0 = Release|Any CPU
	EndGlobalSection
	GlobalSection(SolutionProperties) = preSolution
		HideSolutionNode = FALSE
	EndGlobalSection
	GlobalSection(ExtensibilityGlobals) = postSolution
		SolutionGuid = {A1CA12B9-8EC2-4DFD-B79D-CBF56B6A6F32}
	EndGlobalSection
EndGlobal
